
Microsoft Visual Studio Solution File, Format Version 12.00
# Visual Studio Version 16
VisualStudioVersion = 16.0.31129.286
MinimumVisualStudioVersion = 10.0.40219.1
Project("{FAE04EC0-301F-11D3-BF4B-00C04F79EFBC}") = "Bresenham", "Bresenham\Bresenham.csproj", "{0C440A0B-0751-47DE-9555-E2186842D348}"
EndProject
Global
	GlobalSection(SolutionConfigurationPlatforms) = preSolution
		Debug|Any CPU = Debug|Any CPU
		Release|Any CPU = Release|Any CPU
	EndGlobalSection
	GlobalSection(ProjectConfigurationPlatforms) = postSolution
		{0C440A0B-0751-47DE-9555-E2186842D348}.Debug|Any CPU.ActiveCfg = Debug|Any CPU
		{0C440A0B-0751-47DE-9555-E2186842D348}.Debug|Any CPU.Build.0 = Debug|Any CPU
		{0C440A0B-0751-47DE-9555-E2186842D348}.Release|Any CPU.ActiveCfg = Release|Any CPU
		{0C440A0B-0751-47DE-9555-E2186842D348}.Release|Any CPU.Build.0 = Release|Any CPU
	EndGlobalSection
	GlobalSection(SolutionProperties) = preSolution
		HideSolutionNode = FALSE
	EndGlobalSection
	GlobalSection(ExtensibilityGlobals) = postSolution
		SolutionGuid = {06C22F45-DA0F-468D-B047-00B677CA46D2}
	EndGlobalSection
EndGlobal
